// !$*UTF8*$!
{
	archiveVersion = 1;
	classes = {
	};
	objectVersion = 50;
	objects = {

/* Begin PBXBuildFile section */
		305B6631231DF74B00EC3D11 /* zetong-li-7pUHeP1GRC4-unsplash.jpg in Resources */ = {isa = PBXBuildFile; fileRef = 305B6630231DF74A00EC3D11 /* zetong-li-7pUHeP1GRC4-unsplash.jpg */; };
		305B6635231E002200EC3D11 /* AppIcon.appiconset in Resources */ = {isa = PBXBuildFile; fileRef = 305B6634231E002100EC3D11 /* AppIcon.appiconset */; };
		30B485802317412C00C7AA0B /* AppDelegate.swift in Sources */ = {isa = PBXBuildFile; fileRef = 30B4857F2317412C00C7AA0B /* AppDelegate.swift */; };
		30B485822317412C00C7AA0B /* ViewController.swift in Sources */ = {isa = PBXBuildFile; fileRef = 30B485812317412C00C7AA0B /* ViewController.swift */; };
		30B485872317412D00C7AA0B /* Assets.xcassets in Resources */ = {isa = PBXBuildFile; fileRef = 30B485862317412D00C7AA0B /* Assets.xcassets */; };
		30B4858A2317412D00C7AA0B /* LaunchScreen.storyboard in Resources */ = {isa = PBXBuildFile; fileRef = 30B485882317412D00C7AA0B /* LaunchScreen.storyboard */; };
		30B48591231741A900C7AA0B /* Main.storyboard in Resources */ = {isa = PBXBuildFile; fileRef = 30B485832317412C00C7AA0B /* Main.storyboard */; };
		30B4859323174F8700C7AA0B /* Stopwatch.swift in Sources */ = {isa = PBXBuildFile; fileRef = 30B4859223174F8700C7AA0B /* Stopwatch.swift */; };
/* End PBXBuildFile section */

/* Begin PBXFileReference section */
		305B6630231DF74A00EC3D11 /* zetong-li-7pUHeP1GRC4-unsplash.jpg */ = {isa = PBXFileReference; lastKnownFileType = image.jpeg; name = "zetong-li-7pUHeP1GRC4-unsplash.jpg"; path = "../../../../Downloads/zetong-li-7pUHeP1GRC4-unsplash.jpg"; sourceTree = "<group>"; };
		305B6634231E002100EC3D11 /* AppIcon.appiconset */ = {isa = PBXFileReference; lastKnownFileType = folder; name = AppIcon.appiconset; path = ../../../../Downloads/AppIcon.appiconset; sourceTree = "<group>"; };
		30B4857C2317412C00C7AA0B /* Stopwatch.app */ = {isa = PBXFileReference; explicitFileType = wrapper.application; includeInIndex = 0; path = Stopwatch.app; sourceTree = BUILT_PRODUCTS_DIR; };
		30B4857F2317412C00C7AA0B /* AppDelegate.swift */ = {isa = PBXFileReference; lastKnownFileType = sourcecode.swift; path = AppDelegate.swift; sourceTree = "<group>"; };
		30B485812317412C00C7AA0B /* ViewController.swift */ = {isa = PBXFileReference; lastKnownFileType = sourcecode.swift; path = ViewController.swift; sourceTree = "<group>"; };
		30B485842317412C00C7AA0B /* Base */ = {isa = PBXFileReference; lastKnownFileType = file.storyboard; name = Base; path = Base.lproj/Main.storyboard; sourceTree = "<group>"; };
		30B485862317412D00C7AA0B /* Assets.xcassets */ = {isa = PBXFileReference; lastKnownFileType = folder.assetcatalog; path = Assets.xcassets; sourceTree = "<group>"; };
		30B485892317412D00C7AA0B /* Base */ = {isa = PBXFileReference; lastKnownFileType = file.storyboard; name = Base; path = Base.lproj/LaunchScreen.storyboard; sourceTree = "<group>"; };
		30B4858B2317412D00C7AA0B /* Info.plist */ = {isa = PBXFileReference; lastKnownFileType = text.plist.xml; path = Info.plist; sourceTree = "<group>"; };
		30B4859223174F8700C7AA0B /* Stopwatch.swift */ = {isa = PBXFileReference; lastKnownFileType = sourcecode.swift; path = Stopwatch.swift; sourceTree = "<group>"; };
/* End PBXFileReference section */

/* Begin PBXFrameworksBuildPhase section */
		30B485792317412C00C7AA0B /* Frameworks */ = {
			isa = PBXFrameworksBuildPhase;
			buildActionMask = 2147483647;
			files = (
			);
			runOnlyForDeploymentPostprocessing = 0;
		};
/* End PBXFrameworksBuildPhase section */

/* Begin PBXGroup section */
		30B485732317412C00C7AA0B = {
			isa = PBXGroup;
			children = (
				30B4857E2317412C00C7AA0B /* Stopwatch */,
				30B4857D2317412C00C7AA0B /* Products */,
			);
			sourceTree = "<group>";
		};
		30B4857D2317412C00C7AA0B /* Products */ = {
			isa = PBXGroup;
			children = (
				30B4857C2317412C00C7AA0B /* Stopwatch.app */,
			);
			name = Products;
			sourceTree = "<group>";
		};
		30B4857E2317412C00C7AA0B /* Stopwatch */ = {
			isa = PBXGroup;
			children = (
				305B6630231DF74A00EC3D11 /* zetong-li-7pUHeP1GRC4-unsplash.jpg */,
				30B4857F2317412C00C7AA0B /* AppDelegate.swift */,
				30B485812317412C00C7AA0B /* ViewController.swift */,
				30B485832317412C00C7AA0B /* Main.storyboard */,
				30B485862317412D00C7AA0B /* Assets.xcassets */,
				305B6634231E002100EC3D11 /* AppIcon.appiconset */,
				30B485882317412D00C7AA0B /* LaunchScreen.storyboard */,
				30B4858B2317412D00C7AA0B /* Info.plist */,
				30B4859223174F8700C7AA0B /* Stopwatch.swift */,
			);
			path = Stopwatch;
			sourceTree = "<group>";
		};
/* End PBXGroup section */

/* Begin PBXNativeTarget section */
		30B4857B2317412C00C7AA0B /* Stopwatch */ = {
			isa = PBXNativeTarget;
			buildConfigurationList = 30B4858E2317412D00C7AA0B /* Build configuration list for PBXNativeTarget "Stopwatch" */;
			buildPhases = (
				30B485782317412C00C7AA0B /* Sources */,
				30B485792317412C00C7AA0B /* Frameworks */,
				30B4857A2317412C00C7AA0B /* Resources */,
			);
			buildRules = (
			);
			dependencies = (
			);
			name = Stopwatch;
			productName = Stopwatch;
			productReference = 30B4857C2317412C00C7AA0B /* Stopwatch.app */;
			productType = "com.apple.product-type.application";
		};
/* End PBXNativeTarget section */

/* Begin PBXProject section */
		30B485742317412C00C7AA0B /* Project object */ = {
			isa = PBXProject;
			attributes = {
				LastSwiftUpdateCheck = 1030;
				LastUpgradeCheck = 1030;
				ORGANIZATIONNAME = "David Inyangson";
				TargetAttributes = {
					30B4857B2317412C00C7AA0B = {
						CreatedOnToolsVersion = 10.3;
					};
				};
			};
			buildConfigurationList = 30B485772317412C00C7AA0B /* Build configuration list for PBXProject "Stopwatch" */;
			compatibilityVersion = "Xcode 9.3";
			developmentRegion = en;
			hasScannedForEncodings = 0;
			knownRegions = (
				en,
				Base,
			);
			mainGroup = 30B485732317412C00C7AA0B;
			productRefGroup = 30B4857D2317412C00C7AA0B /* Products */;
			projectDirPath = "";
			projectRoot = "";
			targets = (
				30B4857B2317412C00C7AA0B /* Stopwatch */,
			);
		};
/* End PBXProject section */

/* Begin PBXResourcesBuildPhase section */
		30B4857A2317412C00C7AA0B /* Resources */ = {
			isa = PBXResourcesBuildPhase;
			buildActionMask = 2147483647;
			files = (
				305B6631231DF74B00EC3D11 /* zetong-li-7pUHeP1GRC4-unsplash.jpg in Resources */,
				30B48591231741A900C7AA0B /* Main.storyboard in Resources */,
				30B4858A2317412D00C7AA0B /* LaunchScreen.storyboard in Resources */,
				305B6635231E002200EC3D11 /* AppIcon.appiconset in Resources */,
				30B485872317412D00C7AA0B /* Assets.xcassets in Resources */,
			);
			runOnlyForDeploymentPostprocessing = 0;
		};
/* End PBXResourcesBuildPhase section */

/* Begin PBXSourcesBuildPhase section */
		30B485782317412C00C7AA0B /* Sources */ = {
			isa = PBXSourcesBuildPhase;
			buildActionMask = 2147483647;
			files = (
				30B485822317412C00C7AA0B /* ViewController.swift in Sources */,
				30B4859323174F8700C7AA0B /* Stopwatch.swift in Sources */,
				30B485802317412C00C7AA0B /* AppDelegate.swift in Sources */,
			);
			runOnlyForDeploymentPostprocessing = 0;
		};
/* End PBXSourcesBuildPhase section */

/* Begin PBXVariantGroup section */
		30B485832317412C00C7AA0B /* Main.storyboard */ = {
			isa = PBXVariantGroup;
			children = (
				30B485842317412C00C7AA0B /* Base */,
			);
			name = Main.storyboard;
			sourceTree = "<group>";
		};
		30B485882317412D00C7AA0B /* LaunchScreen.storyboard */ = {
			isa = PBXVariantGroup;
			children = (
				30B485892317412D00C7AA0B /* Base */,
			);
			name = LaunchScreen.storyboard;
			sourceTree = "<group>";
		};
/* End PBXVariantGroup section */

/* Begin XCBuildConfiguration section */
		30B4858C2317412D00C7AA0B /* Debug */ = {
			isa = XCBuildConfiguration;
			buildSettings = {
				ALWAYS_SEARCH_USER_PATHS = NO;
				CLANG_ANALYZER_NONNULL = YES;
				CLANG_ANALYZER_NUMBER_OBJECT_CONVERSION = YES_AGGRESSIVE;
				CLANG_CXX_LANGUAGE_STANDARD = "gnu++14";
				CLANG_CXX_LIBRARY = "libc++";
				CLANG_ENABLE_MODULES = YES;
				CLANG_ENABLE_OBJC_ARC = YES;
				CLANG_ENABLE_OBJC_WEAK = YES;
				CLANG_WARN_BLOCK_CAPTURE_AUTORELEASING = YES;
				CLANG_WARN_BOOL_CONVERSION = YES;
				CLANG_WARN_COMMA = YES;
				CLANG_WARN_CONSTANT_CONVERSION = YES;
				CLANG_WARN_DEPRECATED_OBJC_IMPLEMENTATIONS = YES;
				CLANG_WARN_DIRECT_OBJC_ISA_USAGE = YES_ERROR;
				CLANG_WARN_DOCUMENTATION_COMMENTS = YES;
				CLANG_WARN_EMPTY_BODY = YES;
				CLANG_WARN_ENUM_CONVERSION = YES;
				CLANG_WARN_INFINITE_RECURSION = YES;
				CLANG_WARN_INT_CONVERSION = YES;
				CLANG_WARN_NON_LITERAL_NULL_CONVERSION = YES;
				CLANG_WARN_OBJC_IMPLICIT_RETAIN_SELF = YES;
				CLANG_WARN_OBJC_LITERAL_CONVERSION = YES;
				CLANG_WARN_OBJC_ROOT_CLASS = YES_ERROR;
				CLANG_WARN_RANGE_LOOP_ANALYSIS = YES;
				CLANG_WARN_STRICT_PROTOTYPES = YES;
				CLANG_WARN_SUSPICIOUS_MOVE = YES;
				CLANG_WARN_UNGUARDED_AVAILABILITY = YES_AGGRESSIVE;
				CLANG_WARN_UNREACHABLE_CODE = YES;
				CLANG_WARN__DUPLICATE_METHOD_MATCH = YES;
				CODE_SIGN_IDENTITY = "iPhone Developer";
				COPY_PHASE_STRIP = NO;
				DEBUG_INFORMATION_FORMAT = dwarf;
				ENABLE_STRICT_OBJC_MSGSEND = YES;
				ENABLE_TESTABILITY = YES;
				GCC_C_LANGUAGE_STANDARD = gnu11;
				GCC_DYNAMIC_NO_PIC = NO;
				GCC_NO_COMMON_BLOCKS = YES;
				GCC_OPTIMIZATION_LEVEL = 0;
				GCC_PREPROCESSOR_DEFINITIONS = (
					"DEBUG=1",
					"$(inherited)",
				);
				GCC_WARN_64_TO_32_BIT_CONVERSION = YES;
				GCC_WARN_ABOUT_RETURN_TYPE = YES_ERROR;
				GCC_WARN_UNDECLARED_SELECTOR = YES;
				GCC_WARN_UNINITIALIZED_AUTOS = YES_AGGRESSIVE;
				GCC_WARN_UNUSED_FUNCTION = YES;
				GCC_WARN_UNUSED_VARIABLE = YES;
				IPHONEOS_DEPLOYMENT_TARGET = 12.4;
				MTL_ENABLE_DEBUG_INFO = INCLUDE_SOURCE;
				MTL_FAST_MATH = YES;
				ONLY_ACTIVE_ARCH = YES;
				SDKROOT = iphoneos;
				SWIFT_ACTIVE_COMPILATION_CONDITIONS = DEBUG;
				SWIFT_OPTIMIZATION_LEVEL = "-Onone";
			};
			name = Debug;
		};
		30B4858D2317412D00C7AA0B /* Release */ = {
			isa = XCBuildConfiguration;
			buildSettings = {
				ALWAYS_SEARCH_USER_PATHS = NO;
				CLANG_ANALYZER_NONNULL = YES;
				CLANG_ANALYZER_NUMBER_OBJECT_CONVERSION = YES_AGGRESSIVE;
				CLANG_CXX_LANGUAGE_STANDARD = "gnu++14";
				CLANG_CXX_LIBRARY = "libc++";
				CLANG_ENABLE_MODULES = YES;
				CLANG_ENABLE_OBJC_ARC = YES;
				CLANG_ENABLE_OBJC_WEAK = YES;
				CLANG_WARN_BLOCK_CAPTURE_AUTORELEASING = YES;
				CLANG_WARN_BOOL_CONVERSION = YES;
				CLANG_WARN_COMMA = YES;
				CLANG_WARN_CONSTANT_CONVERSION = YES;
				CLANG_WARN_DEPRECATED_OBJC_IMPLEMENTATIONS = YES;
				CLANG_WARN_DIRECT_OBJC_ISA_USAGE = YES_ERROR;
				CLANG_WARN_DOCUMENTATION_COMMENTS = YES;
				CLANG_WARN_EMPTY_BODY = YES;
				CLANG_WARN_ENUM_CONVERSION = YES;
				CLANG_WARN_INFINITE_RECURSION = YES;
				CLANG_WARN_INT_CONVERSION = YES;
				CLANG_WARN_NON_LITERAL_NULL_CONVERSION = YES;
				CLANG_WARN_OBJC_IMPLICIT_RETAIN_SELF = YES;
				CLANG_WARN_OBJC_LITERAL_CONVERSION = YES;
				CLANG_WARN_OBJC_ROOT_CLASS = YES_ERROR;
				CLANG_WARN_RANGE_LOOP_ANALYSIS = YES;
				CLANG_WARN_STRICT_PROTOTYPES = YES;
				CLANG_WARN_SUSPICIOUS_MOVE = YES;
				CLANG_WARN_UNGUARDED_AVAILABILITY = YES_AGGRESSIVE;
				CLANG_WARN_UNREACHABLE_CODE = YES;
				CLANG_WARN__DUPLICATE_METHOD_MATCH = YES;
				CODE_SIGN_IDENTITY = "iPhone Developer";
				COPY_PHASE_STRIP = NO;
				DEBUG_INFORMATION_FORMAT = "dwarf-with-dsym";
				ENABLE_NS_ASSERTIONS = NO;
				ENABLE_STRICT_OBJC_MSGSEND = YES;
				GCC_C_LANGUAGE_STANDARD = gnu11;
				GCC_NO_COMMON_BLOCKS = YES;
				GCC_WARN_64_TO_32_BIT_CONVERSION = YES;
				GCC_WARN_ABOUT_RETURN_TYPE = YES_ERROR;
				GCC_WARN_UNDECLARED_SELECTOR = YES;
				GCC_WARN_UNINITIALIZED_AUTOS = YES_AGGRESSIVE;
				GCC_WARN_UNUSED_FUNCTION = YES;
				GCC_WARN_UNUSED_VARIABLE = YES;
				IPHONEOS_DEPLOYMENT_TARGET = 12.4;
				MTL_ENABLE_DEBUG_INFO = NO;
				MTL_FAST_MATH = YES;
				SDKROOT = iphoneos;
				SWIFT_COMPILATION_MODE = wholemodule;
				SWIFT_OPTIMIZATION_LEVEL = "-O";
				VALIDATE_PRODUCT = YES;
			};
			name = Release;
		};
		30B4858F2317412D00C7AA0B /* Debug */ = {
			isa = XCBuildConfiguration;
			buildSettings = {
				ASSETCATALOG_COMPILER_APPICON_NAME = AppIcon;
				CODE_SIGN_STYLE = Automatic;
				INFOPLIST_FILE = Stopwatch/Info.plist;
				LD_RUNPATH_SEARCH_PATHS = (
					"$(inherited)",
					"@executable_path/Frameworks",
				);
				PRODUCT_BUNDLE_IDENTIFIER = Much2Money.Stopwatch;
				PRODUCT_NAME = "$(TARGET_NAME)";
				SWIFT_VERSION = 5.0;
				TARGETED_DEVICE_FAMILY = "1,2";
			};
			name = Debug;
		};
		30B485902317412D00C7AA0B /* Release */ = {
			isa = XCBuildConfiguration;
			buildSettings = {
				ASSETCATALOG_COMPILER_APPICON_NAME = AppIcon;
				CODE_SIGN_STYLE = Automatic;
				INFOPLIST_FILE = Stopwatch/Info.plist;
				LD_RUNPATH_SEARCH_PATHS = (
					"$(inherited)",
					"@executable_path/Frameworks",
				);
				PRODUCT_BUNDLE_IDENTIFIER = Much2Money.Stopwatch;
				PRODUCT_NAME = "$(TARGET_NAME)";
				SWIFT_VERSION = 5.0;
				TARGETED_DEVICE_FAMILY = "1,2";
			};
			name = Release;
		};
/* End XCBuildConfiguration section */

/* Begin XCConfigurationList section */
		30B485772317412C00C7AA0B /* Build configuration list for PBXProject "Stopwatch" */ = {
			isa = XCConfigurationList;
			buildConfigurations = (
				30B4858C2317412D00C7AA0B /* Debug */,
				30B4858D2317412D00C7AA0B /* Release */,
			);
			defaultConfigurationIsVisible = 0;
			defaultConfigurationName = Release;
		};
		30B4858E2317412D00C7AA0B /* Build configuration list for PBXNativeTarget "Stopwatch" */ = {
			isa = XCConfigurationList;
			buildConfigurations = (
				30B4858F2317412D00C7AA0B /* Debug */,
				30B485902317412D00C7AA0B /* Release */,
			);
			defaultConfigurationIsVisible = 0;
			defaultConfigurationName = Release;
		};
/* End XCConfigurationList section */
	};
	rootObject = 30B485742317412C00C7AA0B /* Project object */;
}
